aiohttp==3.6.2
aioredis==1.3.0
asgiref==3.2.1
async-timeout==3.0.1
atomicwrites==1.3.0
attrs==19.3.0
auth0-python==3.9.1
autobahn==19.10.1
Automat==0.8.0
aws-sam-translator==1.15.1
aws-xray-sdk==2.4.2
boto==2.49.0
boto3==1.9.212
botocore==1.12.212
cachetools==3.1.1
certifi==2019.9.11
cffi==1.13.1
cfn-lint==0.24.7
channels==2.2.0
channels-redis==2.4.0
chardet==3.0.4
Click==7.0
constantly==15.1.0
cryptography==2.8
daphne==2.3.0
DateTime==4.3
Deprecated==1.2.6
Django==2.2.6
django-crequest==2018.5.11
django-dotenv==1.4.2
django-extensions==2.2.1
django-filter==2.2.0
django-health-check==3.10.2
django-redis==4.10.0
djangorestframework==3.10.2
djproxy==2.3.4
docker==4.1.0
docutils==0.15.2
ecdsa==0.13.3
elasticsearch==7.0.5
elasticsearch-dsl==7.0.0
future==0.18.2
google-auth==1.6.3
gunicorn==19.9.0
h11==0.8.1
hiredis==1.0.0
httptools==0.0.13
hyperlink==19.0.0
idna==2.8
importlib-metadata==0.23
incremental==17.5.0
Jinja2==2.10.3
jmespath==0.9.4
josepy==1.2.0
jsondiff==1.1.2
jsonpatch==1.24
jsonpickle==1.2
jsonpointer==2.0
jsonschema==3.1.1
kubernetes==10.0.1
MarkupSafe==1.1.1
misaka==2.1.1
mock==3.0.5
model-mommy==1.6.0
more-itertools==7.2.0
moto==1.3.13
mozilla-django-oidc==1.2.2
msgpack==0.6.2
multidict==4.5.2
oauthlib==3.1.0
packaging==19.2
pluggy==0.13.0
psycopg2-binary==2.8.3
py==1.8.0
pyasn1==0.4.7
pyasn1-modules==0.2.7
pycparser==2.19
PyGithub==1.43.8
PyHamcrest==1.9.0
PyJWT==1.7.1
pyOpenSSL==19.0.0
pyparsing==2.4.2
pyrsistent==0.15.5
pytest==5.1.1
pytest-django==3.5.1
python-dateutil==2.8.0
python-jose==3.0.1
pytz==2019.3
PyYAML==5.1.2
redis==3.3.11
requests==2.22.0
requests-oauthlib==1.2.0
responses==0.10.6
rsa==4.0
rules==2.1
s3transfer==0.2.1
sentry-sdk==0.12.3
service-identity==18.1.0
six==1.12.0
slackclient==2.3.1
sqlparse==0.3.0
sshpubkeys==3.1.0
Twisted==19.7.0
txaio==18.8.1
urllib3==1.25.6
uvicorn==0.8.6
uvloop==0.12.2
wcwidth==0.1.7
websocket-client==0.56.0
websockets==7.0
Werkzeug==0.16.0
wrapt==1.11.2
xmltodict==0.12.0
yarl==1.3.0
zipp==0.6.0
zope.interface==4.6.0
