adal==1.2.2
aioredis==1.2.0
asgiref==3.2.1
asn1crypto==0.24.0
astroid==2.2.5
async-timeout==3.0.1
atomicwrites==1.3.0
attrs==19.1.0
auth0-python==3.9.1
autobahn==19.8.1
Automat==0.7.0
boto3==1.9.212
botocore==1.12.212
cachetools==3.1.1
certifi==2019.6.16
cffi==1.12.3
channels==2.2.0
channels-redis==2.4.0
chardet==3.0.4
Click==7.0
constantly==15.1.0
cryptography==2.7
daphne==2.3.0
Deprecated==1.2.6
Django==2.2.4
django-crequest==2018.5.11
django-debug-toolbar==1.11
django-debug-toolbar-requests==1.0.5
django-dotenv==1.4.2
django-elasticsearch-debug-toolbar==1.2.0
django-eventstream==2.5.0
django-extensions==2.2.1
django-filter==2.2.0
django-grip==2.0.1
django-health-check==3.10.2
djangorestframework==3.10.2
djproxy==2.3.4
docutils==0.15.2
ecdsa==0.13.2
elasticsearch==7.0.4
elasticsearch-dsl==7.0.0
future==0.17.1
google-auth==1.6.3
gripcontrol==3.3.1
gunicorn==19.9.0
h11==0.8.1
hiredis==1.0.0
httptools==0.0.13
hyperlink==19.0.0
idna==2.8
importlib-metadata==0.19
incremental==17.5.0
isort==4.3.21
Jinja2==2.10.1
jmespath==0.9.4
josepy==1.2.0
kubernetes==10.0.1
lazy-object-proxy==1.4.1
MarkupSafe==1.1.1
mccabe==0.6.1
misaka==2.1.1
model-mommy==1.6.0
more-itertools==7.2.0
mozilla-django-oidc==1.2.2
msgpack==0.6.1
oauthlib==3.1.0
packaging==19.1
pluggy==0.12.0
psycopg2-binary==2.8.3
pubcontrol==2.4.2
py==1.8.0
pyasn1==0.4.6
pyasn1-modules==0.2.6
pycparser==2.19
PyGithub==1.43.8
PyHamcrest==1.9.0
PyJWT==1.7.1
pylint==2.3.1
pylint-django==2.0.11
pylint-plugin-utils==0.5
pyOpenSSL==19.0.0
pyparsing==2.4.2
pytest==5.1.1
pytest-django==3.5.1
python-dateutil==2.8.0
python-jose==3.0.1
pytz==2019.2
PyYAML==5.1.2
raven==6.10.0
requests==2.22.0
requests-oauthlib==1.2.0
rsa==4.0
rules==2.1
s3transfer==0.2.1
semantic-version==2.6.0
service-identity==18.1.0
six==1.12.0
sqlparse==0.3.0
Twisted==19.7.0
txaio==18.8.1
typed-ast==1.4.0
urllib3==1.25.3
uvicorn==0.8.6
uvloop==0.12.2
wcwidth==0.1.7
websocket-client==0.56.0
websockets==7.0
Werkzeug==0.15.5
wrapt==1.11.2
zipp==0.5.2
zope.interface==4.6.0
